
Microsoft Visual Studio Solution File, Format Version 12.00
# Visual Studio Version 16
VisualStudioVersion = 25.0.1706.5
MinimumVisualStudioVersion = 10.0.40219.1
Project("{FAE04EC0-301F-11D3-BF4B-00C04F79EFBC}") = "BulkyWeb", "BulkyWeb\BulkyWeb.csproj", "{BF8E7697-9818-4B0A-91B8-030F504A55DB}"
EndProject
Global
	GlobalSection(SolutionConfigurationPlatforms) = preSolution
		Debug|Any CPU = Debug|Any CPU
		Release|Any CPU = Release|Any CPU
	EndGlobalSection
	GlobalSection(ProjectConfigurationPlatforms) = postSolution
		{BF8E7697-9818-4B0A-91B8-030F504A55DB}.Debug|Any CPU.ActiveCfg = Debug|Any CPU
		{BF8E7697-9818-4B0A-91B8-030F504A55DB}.Debug|Any CPU.Build.0 = Debug|Any CPU
		{BF8E7697-9818-4B0A-91B8-030F504A55DB}.Release|Any CPU.ActiveCfg = Release|Any CPU
		{BF8E7697-9818-4B0A-91B8-030F504A55DB}.Release|Any CPU.Build.0 = Release|Any CPU
	EndGlobalSection
	GlobalSection(SolutionProperties) = preSolution
		HideSolutionNode = FALSE
	EndGlobalSection
	GlobalSection(ExtensibilityGlobals) = postSolution
		SolutionGuid = {9ED6D7CC-028C-44C2-8EDA-8F0F1B88ECB2}
	EndGlobalSection
EndGlobal
